<?xml version="1.0" encoding="utf-8"?>
<Project ToolsVersion="4.0" xmlns="http://schemas.microsoft.com/developer/msbuild/2003">
  <ItemGroup>
    <Filter Include="99.Header">
      <UniqueIdentifier>{93995380-89BD-4b04-88EB-625FBE52EBFB}</UniqueIdentifier>
      <Extensions>
      </Extensions>
    </Filter>
    <Filter Include="98.Default">
      <UniqueIdentifier>{4ef16b9b-a946-4926-94ef-db38f6f64f88}</UniqueIdentifier>
    </Filter>
    <Filter Include="97.DesignPattern">
      <UniqueIdentifier>{b79642f2-3bfd-4f78-869e-289c9cd7584d}</UniqueIdentifier>
    </Filter>
    <Filter Include="00.MainApp">
      <UniqueIdentifier>{56a1cd43-d967-4a45-84d3-74ca2e63e743}</UniqueIdentifier>
    </Filter>
    <Filter Include="00.MainApp\Scene">
      <UniqueIdentifier>{f6d052b0-92ad-42a6-9ea1-decadf078ad6}</UniqueIdentifier>
    </Filter>
    <Filter Include="Text">
      <UniqueIdentifier>{32629956-7904-4d48-ac2b-8d05d3286770}</UniqueIdentifier>
    </Filter>
    <Filter Include="01.Manager">
      <UniqueIdentifier>{0ff61fe2-6b3c-4cf9-a20e-cef43f4c8b9b}</UniqueIdentifier>
    </Filter>
    <Filter Include="02.Controll">
      <UniqueIdentifier>{2f0622d8-4018-46f4-b673-5a6733f86260}</UniqueIdentifier>
    </Filter>
    <Filter Include="02.Controll\Player">
      <UniqueIdentifier>{9d2c844a-e167-42d3-bb45-6b27de2fb8a7}</UniqueIdentifier>
    </Filter>
    <Filter Include="02.Controll\Mouse">
      <UniqueIdentifier>{aab4b477-3b57-4870-8e5b-3c4a270256c9}</UniqueIdentifier>
    </Filter>
    <Filter Include="02.Controll\Background">
      <UniqueIdentifier>{426b3569-1a02-4505-9a62-932ae03d384f}</UniqueIdentifier>
    </Filter>
    <Filter Include="02.Controll\Item">
      <UniqueIdentifier>{924349fe-9711-4f85-ad1f-071b10ad8d25}</UniqueIdentifier>
    </Filter>
  </ItemGroup>
  <ItemGroup>
    <ClInclude Include="targetver.h">
      <Filter>99.Header</Filter>
    </ClInclude>
    <ClInclude Include="framework.h">
      <Filter>99.Header</Filter>
    </ClInclude>
    <ClInclude Include="Resource.h">
      <Filter>99.Header</Filter>
    </ClInclude>
    <ClInclude Include="Client.h">
      <Filter>98.Default</Filter>
    </ClInclude>
    <ClInclude Include="AbstractFactory.h">
      <Filter>97.DesignPattern</Filter>
    </ClInclude>
    <ClInclude Include="CollisionManager.h">
      <Filter>01.Manager</Filter>
    </ClInclude>
    <ClInclude Include="Enum.h">
      <Filter>99.Header</Filter>
    </ClInclude>
    <ClInclude Include="Extern.h">
      <Filter>99.Header</Filter>
    </ClInclude>
    <ClInclude Include="Function.h">
      <Filter>99.Header</Filter>
    </ClInclude>
    <ClInclude Include="Struct.h">
      <Filter>99.Header</Filter>
    </ClInclude>
    <ClInclude Include="MainScene.h">
      <Filter>00.MainApp\Scene</Filter>
    </ClInclude>
    <ClInclude Include="Scene.h">
      <Filter>00.MainApp\Scene</Filter>
    </ClInclude>
    <ClInclude Include="MainApp.h">
      <Filter>00.MainApp</Filter>
    </ClInclude>
    <ClInclude Include="Obj.h">
      <Filter>02.Controll</Filter>
    </ClInclude>
    <ClInclude Include="Player.h">
      <Filter>02.Controll\Player</Filter>
    </ClInclude>
    <ClInclude Include="Mouse.h">
      <Filter>02.Controll\Mouse</Filter>
    </ClInclude>
    <ClInclude Include="Define.h">
      <Filter>99.Header</Filter>
    </ClInclude>
    <ClInclude Include="PlayScene.h">
      <Filter>00.MainApp\Scene</Filter>
    </ClInclude>
    <ClInclude Include="Background.h">
      <Filter>02.Controll\Background</Filter>
    </ClInclude>
    <ClInclude Include="ObjManager.h">
      <Filter>01.Manager</Filter>
    </ClInclude>
    <ClInclude Include="Item.h">
      <Filter>02.Controll\Item</Filter>
    </ClInclude>
    <ClInclude Include="ItemManager.h">
      <Filter>01.Manager</Filter>
    </ClInclude>
    <ClInclude Include="KeyManager.h">
      <Filter>01.Manager</Filter>
    </ClInclude>
  </ItemGroup>
  <ItemGroup>
    <Image Include="Client.ico">
      <Filter>98.Default</Filter>
    </Image>
    <Image Include="small.ico">
      <Filter>98.Default</Filter>
    </Image>
  </ItemGroup>
  <ItemGroup>
    <ClCompile Include="Client.cpp">
      <Filter>98.Default</Filter>
    </ClCompile>
    <ClCompile Include="CollisionManager.cpp">
      <Filter>01.Manager</Filter>
    </ClCompile>
    <ClCompile Include="MainScene.cpp">
      <Filter>00.MainApp\Scene</Filter>
    </ClCompile>
    <ClCompile Include="Scene.cpp">
      <Filter>00.MainApp\Scene</Filter>
    </ClCompile>
    <ClCompile Include="MainApp.cpp">
      <Filter>00.MainApp</Filter>
    </ClCompile>
    <ClCompile Include="Obj.cpp">
      <Filter>02.Controll</Filter>
    </ClCompile>
    <ClCompile Include="Player.cpp">
      <Filter>02.Controll\Player</Filter>
    </ClCompile>
    <ClCompile Include="Mouse.cpp">
      <Filter>02.Controll\Mouse</Filter>
    </ClCompile>
    <ClCompile Include="PlayScene.cpp">
      <Filter>00.MainApp\Scene</Filter>
    </ClCompile>
    <ClCompile Include="Background.cpp">
      <Filter>02.Controll\Background</Filter>
    </ClCompile>
    <ClCompile Include="ObjManager.cpp">
      <Filter>01.Manager</Filter>
    </ClCompile>
    <ClCompile Include="Item.cpp">
      <Filter>02.Controll\Item</Filter>
    </ClCompile>
    <ClCompile Include="ItemManager.cpp">
      <Filter>01.Manager</Filter>
    </ClCompile>
    <ClCompile Include="KeyManager.cpp">
      <Filter>01.Manager</Filter>
    </ClCompile>
  </ItemGroup>
  <ItemGroup>
    <ResourceCompile Include="Client.rc">
      <Filter>98.Default</Filter>
    </ResourceCompile>
  </ItemGroup>
  <ItemGroup>
    <Text Include="클래스 형식.txt">
      <Filter>Text</Filter>
    </Text>
  </ItemGroup>
</Project>